version = 1
revision = 3
requires-python = ">=3.12"

[[package]]
name = "anyio"
version = "4.14.1"
source = { registry = "https://pypi.org/simple" }
dependencies = [
    { name = "idna" },
    { name = "typing-extensions", marker = "python_full_version < '3.13'" },
]
sdist = { url = "https://files.pythonhosted.org/packages/3b/72/5562aabb8dd7181e8e860622a38bea08d17842b99ecd4c91f84ac95251b0/anyio-4.14.1.tar.gz", hash = "sha256:8d648a3544c1a700e3ff78615cd679e4c5c3f149904287e73687b2596963629e", size = 254831, upload-time = "2026-06-24T20:56:06.017Z" }
wheels = [
    { url = "https://files.pythonhosted.org/packages/b0/7b/90df4a0a816d98d6ea26f559d87836d494a2cf1fcf063be67df50a7bcc30/anyio-4.14.1-py3-none-any.whl", hash = "sha256:4e5533c5b8ff0a24f5d7a176cbe6877129cd183893f66b537f8f227d10527d72", size = 124875, upload-time = "2026-06-24T20:56:04.413Z" },
]

[[package]]
name = "attrs"
version = "26.1.0"
source = { registry = "https://pypi.org/simple" }
sdist = { url = "https://files.pythonhosted.org/packages/9a/8e/82a0fe20a541c03148528be8cac2408564a6c9a0cc7e9171802bc1d26985/attrs-26.1.0.tar.gz", hash = "sha256:d03ceb89cb322a8fd706d4fb91940737b6642aa36998fe130a9bc96c985eff32", size = 952055, upload-time = "2026-03-19T14:22:25.026Z" }
wheels = [
    { url = "https://files.pythonhosted.org/packages/64/b4/17d4b0b2a2dc85a6df63d1157e028ed19f90d4cd97c36717afef2bc2f395/attrs-26.1.0-py3-none-any.whl", hash = "sha256:c647aa4a12dfbad9333ca4e71fe62ddc36f4e63b2d260a37a8b83d2f043ac309", size = 67548, upload-time = "2026-03-19T14:22:23.645Z" },
]

[[package]]
name = "certifi"
version = "2026.6.17"
source = { registry = "https://pypi.org/simple" }
sdist = { url = "https://files.pythonhosted.org/packages/c9/c7/424b75da314c1045981bd9777432fad05a9e0c69daa4ed7e308bbaffe405/certifi-2026.6.17.tar.gz", hash = "sha256:024c88eeec92ca068db80f02b8b07c9cef7b9fe261d1d535abfd5abd6f6af432", size = 134594, upload-time = "2026-06-17T10:31:07.894Z" }
wheels = [
    { url = "https://files.pythonhosted.org/packages/ef/2f/c5464532e965badff2f4c4c1a3a83f5697f0d7c407ed0cda44aaa99bb451/certifi-2026.6.17-py3-none-any.whl", hash = "sha256:2227dcbaafe0d2f59279d1762ddddc37783ed4354594f194ffc31d20f41fc3db", size = 133289, upload-time = "2026-06-17T10:31:06.348Z" },
]

[[package]]
name = "filelock"
version = "3.29.4"
source = { registry = "https://pypi.org/simple" }
sdist = { url = "https://files.pythonhosted.org/packages/e6/dc/be6cbe99670cd6e4ad387123647cb08e0c32975e223f82551e914c5568a6/filelock-3.29.4.tar.gz", hash = "sha256:10cdb3656fc44541cdf30652a93fb10ec6b05325620eb316bd26893e4201538a", size = 63028, upload-time = "2026-06-13T16:12:00.744Z" }
wheels = [
    { url = "https://files.pythonhosted.org/packages/13/37/a065dc3bd6e49423a6532c642ca7378d3f467b1ef44c2800c937af7f9739/filelock-3.29.4-py3-none-any.whl", hash = "sha256:dac1648087d5115554850d113e7dd8c83ab2d38e3435dde2d4f163847e57b767", size = 42757, upload-time = "2026-06-13T16:11:59.582Z" },
]

[[package]]
name = "h11"
version = "0.16.0"
source = { registry = "https://pypi.org/simple" }
sdist = { url = "https://files.pythonhosted.org/packages/01/ee/02a2c011bdab74c6fb3c75474d40b3052059d95df7e73351460c8588d963/h11-0.16.0.tar.gz", hash = "sha256:4e35b956cf45792e4caa5885e69fba00bdbc6ffafbfa020300e549b208ee5ff1", size = 101250, upload-time = "2025-04-24T03:35:25.427Z" }
wheels = [
    { url = "https://files.pythonhosted.org/packages/04/4b/29cac41a4d98d144bf5f6d33995617b185d14b22401f75ca86f384e87ff1/h11-0.16.0-py3-none-any.whl", hash = "sha256:63cf8bbe7522de3bf65932fda1d9c2772064ffb3dae62d55932da54b31cb6c86", size = 37515, upload-time = "2025-04-24T03:35:24.344Z" },
]

[[package]]
name = "httpcore"
version = "1.0.9"
source = { registry = "https://pypi.org/simple" }
dependencies = [
    { name = "certifi" },
    { name = "h11" },
]
sdist = { url = "https://files.pythonhosted.org/packages/06/94/82699a10bca87a5556c9c59b5963f2d039dbd239f25bc2a63907a05a14cb/httpcore-1.0.9.tar.gz", hash = "sha256:6e34463af53fd2ab5d807f399a9b45ea31c3dfa2276f15a2c3f00afff6e176e8", size = 85484, upload-time = "2025-04-24T22:06:22.219Z" }
wheels = [
    { url = "https://files.pythonhosted.org/packages/7e/f5/f66802a942d491edb555dd61e3a9961140fd64c90bce1eafd741609d334d/httpcore-1.0.9-py3-none-any.whl", hash = "sha256:2d400746a40668fc9dec9810239072b40b4484b640a8c38fd654a024c7a1bf55", size = 78784, upload-time = "2025-04-24T22:06:20.566Z" },
]

[[package]]
name = "httpx"
version = "0.28.1"
source = { registry = "https://pypi.org/simple" }
dependencies = [
    { name = "anyio" },
    { name = "certifi" },
    { name = "httpcore" },
    { name = "idna" },
]
sdist = { url = "https://files.pythonhosted.org/packages/b1/df/48c586a5fe32a0f01324ee087459e112ebb7224f646c0b5023f5e79e9956/httpx-0.28.1.tar.gz", hash = "sha256:75e98c5f16b0f35b567856f597f06ff2270a374470a5c2392242528e3e3e42fc", size = 141406, upload-time = "2024-12-06T15:37:23.222Z" }
wheels = [
    { url = "https://files.pythonhosted.org/packages/2a/39/e50c7c3a983047577ee07d2a9e53faf5a69493943ec3f6a384bdc792deb2/httpx-0.28.1-py3-none-any.whl", hash = "sha256:d909fcccc110f8c7faf814ca82a9a4d816bc5a6dbfea25d6591d6985b8ba59ad", size = 73517, upload-time = "2024-12-06T15:37:21.509Z" },
]

[[package]]
name = "idna"
version = "3.18"
source = { registry = "https://pypi.org/simple" }
sdist = { url = "https://files.pythonhosted.org/packages/cd/63/9496c57188a2ee585e0f1db071d75089a11e98aa86eb99d9d7618fc1edce/idna-3.18.tar.gz", hash = "sha256:ffb385a7e039654cef1ab9ef32c6fafe283c0c0467bba1d9029738ce4a14a848", size = 196711, upload-time = "2026-06-02T14:34:07.794Z" }
wheels = [
    { url = "https://files.pythonhosted.org/packages/1e/5e/d4e9f1a599fb8e573b7b87160658329fbf28d19eac2718f51fc3def3aa5a/idna-3.18-py3-none-any.whl", hash = "sha256:7f952cbe720b688055e3f87de14f5c3e5fdaa8bc3928985c4077ca689de849a2", size = 65455, upload-time = "2026-06-02T14:34:06.319Z" },
]

[[package]]
name = "logbook"
version = "1.9.2"
source = { registry = "https://pypi.org/simple" }
dependencies = [
    { name = "typing-extensions" },
]
sdist = { url = "https://files.pythonhosted.org/packages/f2/cf/e39c249003caaa7f84e2b00c11c7423892d525f8136ff349f9914914a744/logbook-1.9.2.tar.gz", hash = "sha256:0538cabfd8e8a02b8185fb7a2be20b3965d225fbd7f4a5726b007d8e26b39ee0", size = 481718, upload-time = "2025-11-27T21:12:02.539Z" }
wheels = [
    { url = "https://files.pythonhosted.org/packages/1c/5c/dd429f46497e3f6c15498b8bd57d5b744247b67675e7df649c8b28065e45/logbook-1.9.2-cp312-cp312-macosx_10_13_universal2.whl", hash = "sha256:1b60d31dad31da9b108a1c656be7560b930d90b1fff1efbd66a926f0562ec535", size = 605842, upload-time = "2025-11-27T21:10:46.532Z" },
    { url = "https://files.pythonhosted.org/packages/91/b5/212d37a83690277ac2f8269d4f2b4148909939b656d3ad0f6d3275e8f419/logbook-1.9.2-cp312-cp312-macosx_10_13_x86_64.whl", hash = "sha256:057743e915c929c9e910b4fa1424531e255de8647c4f3288a086b7c2bb53a3e0", size = 340453, upload-time = "2025-11-27T21:10:48.164Z" },
    { url = "https://files.pythonhosted.org/packages/17/b5/d36bccf730d7f7d127f0baf2807895f85d5a3f911b99bcbc8e18b3e439f9/logbook-1.9.2-cp312-cp312-macosx_11_0_arm64.whl", hash = "sha256:684d9ade464eace999a3c32e912f3e92dcd6958dd74f2a908b2fffcf376d8433", size = 330194, upload-time = "2025-11-27T21:10:49.526Z" },
    { url = "https://files.pythonhosted.org/packages/01/35/eaea42346f62c785af2073fbbef115d53aa7422917e2c73ede14b2ab0775/logbook-1.9.2-cp312-cp312-manylinux_2_28_aarch64.whl", hash = "sha256:0e085878f9de9c62d9521e1b920253cd725b94ce291252e83843dd95fc16072f", size = 362301, upload-time = "2025-11-27T21:10:50.879Z" },
    { url = "https://files.pythonhosted.org/packages/b1/17/8a36848cf9eedf32975cc04000f8b7d8806461ef4702a316cb381e447a2f/logbook-1.9.2-cp312-cp312-manylinux_2_28_x86_64.whl", hash = "sha256:42e258cea92ff422426a76937926675350bd85d9d23899ae21fa70112f041f97", size = 367958, upload-time = "2025-11-27T21:10:52.172Z" },
    { url = "https://files.pythonhosted.org/packages/3e/e3/8a5a7136421e7090c94ccb83f625c9f946bba17bdf58f02728f4d1a1f898/logbook-1.9.2-cp312-cp312-musllinux_1_2_aarch64.whl", hash = "sha256:6fd699fbf1aac8ccc06a131cbe0a652ae150e1bd902f1cacaff9b23ee18ab451", size = 426613, upload-time = "2025-11-27T21:10:53.939Z" },
    { url = "https://files.pythonhosted.org/packages/e8/0b/ad5c677d9eb8ed3b139c7d7033ccd0d48a5af2e4270a0ed452bd45337d50/logbook-1.9.2-cp312-cp312-musllinux_1_2_x86_64.whl", hash = "sha256:35a95af2e3485e5ddb2a6e26dc61f65ffc2895df54af6426e6d07e28efab0cb5", size = 442118, upload-time = "2025-11-27T21:10:55.475Z" },
    { url = "https://files.pythonhosted.org/packages/36/07/ef0498e8805eb9fa6f5a347ce7569302875d96d071b34f0cf52b1671d111/logbook-1.9.2-cp312-cp312-win32.whl", hash = "sha256:cccc1e347e80faab592e751f52297d8740d638202b191c5c1669373f78b31747", size = 213424, upload-time = "2025-11-27T21:10:57.518Z" },
    { url = "https://files.pythonhosted.org/packages/86/cf/313171c253e7d69deec15231fbf69132a3b704e7394d6af4fbfcd3568bc2/logbook-1.9.2-cp312-cp312-win_amd64.whl", hash = "sha256:75fb010c56dbe3052924ec14f9a0a64b922839f71592fb7d2907496e253d153a", size = 220437, upload-time = "2025-11-27T21:10:59.576Z" },
    { url = "https://files.pythonhosted.org/packages/ec/b0/2685d40edaa3a4d036ebcf5b95206b2772408edd9768e8607bdfec38f3ba/logbook-1.9.2-cp312-cp312-win_arm64.whl", hash = "sha256:3851490b920199573e6b57675da85b7cdfdc785a24d5236917b7c50f3e600f26", size = 215989, upload-time = "2025-11-27T21:11:00.814Z" },
    { url = "https://files.pythonhosted.org/packages/36/fc/3fb019204164b669c87cb62909d7d18b6019cf3a8c3b9768af7f4b605f1e/logbook-1.9.2-cp313-cp313-macosx_10_13_universal2.whl", hash = "sha256:ff48ba4c0b265f748b23b5ff84f600733d5a82f765db48e900105eecf7972454", size = 605326, upload-time = "2025-11-27T21:11:02.154Z" },
    { url = "https://files.pythonhosted.org/packages/e5/3b/e3987116a71e74ca69d890825fb935d25f9e9155a418135cfd5794eb3e39/logbook-1.9.2-cp313-cp313-macosx_10_13_x86_64.whl", hash = "sha256:3b6ebbbb6eeb4ec9e181710485a3057349481d7a20d36080dae19056597cb862", size = 340225, upload-time = "2025-11-27T21:11:03.975Z" },
    { url = "https://files.pythonhosted.org/packages/21/88/d8d830865e799a02223fa2bd701b8d089d0d4f2c9d0b2c1edcdbb151440c/logbook-1.9.2-cp313-cp313-macosx_11_0_arm64.whl", hash = "sha256:5606f0449605806f559fddad017c67c5f72bacca04f22648fcd2fc8623283b9c", size = 329887, upload-time = "2025-11-27T21:11:05.634Z" },
    { url = "https://files.pythonhosted.org/packages/b8/2e/eb12e9228bdef4981d0eb6c14f5807491442b08337ba53b56118aa2c9606/logbook-1.9.2-cp313-cp313-manylinux_2_28_aarch64.whl", hash = "sha256:90e73b301417b2d43b2821aec12203aee5e2cb1938be8ed04fb485012f009e42", size = 361574, upload-time = "2025-11-27T21:11:07.117Z" },
    { url = "https://files.pythonhosted.org/packages/02/3e/3c38f5407207e994c679e84fc11cb04bc38774d0aa53b8427d4d23b91bda/logbook-1.9.2-cp313-cp313-manylinux_2_28_x86_64.whl", hash = "sha256:21d7993f2679e419199cfcec5673df77f977238ec16b7be3ef1514a4e44c8633", size = 368001, upload-time = "2025-11-27T21:11:08.423Z" },
    { url = "https://files.pythonhosted.org/packages/20/b0/eea01bb474a627b68cc5407ee089aa9a326c124622a92ae8f95831569311/logbook-1.9.2-cp313-cp313-musllinux_1_2_aarch64.whl", hash = "sha256:f0453818719e0d5bda294aa0cf7c717a103c86aff5b4fae3b3d92e318525b191", size = 425936, upload-time = "2025-11-27T21:11:09.751Z" },
    { url = "https://files.pythonhosted.org/packages/88/60/f179733480102ce85fea95607f001be062fb6aafef04c94703e0e5149558/logbook-1.9.2-cp313-cp313-musllinux_1_2_x86_64.whl", hash = "sha256:c6985a5af4379c07fed09f4ed51581d39ab0f3e9d1196077a8c49f99c883599f", size = 442161, upload-time = "2025-11-27T21:11:11.145Z" },
    { url = "https://files.pythonhosted.org/packages/1e/87/422ff192a7a1c992f7888ab508fc996957f297ddc1482c914f2f91e51041/logbook-1.9.2-cp313-cp313-win32.whl", hash = "sha256:7fbebf2a612f5c15309bbba0bef4f7d33af461c05a4d9d19cb376624c7030155", size = 213485, upload-time = "2025-11-27T21:11:12.476Z" },
    { url = "https://files.pythonhosted.org/packages/ae/9c/2fa7df1b676d9179d5f0040de2272d8b9cbdd820c20da9abfd4abcde3cf0/logbook-1.9.2-cp313-cp313-win_amd64.whl", hash = "sha256:5ce7898b35b836da0e22120b965160ac2e797a19f4694ccb9e23e8ad45b1e99a", size = 220311, upload-time = "2025-11-27T21:11:14.179Z" },
    { url = "https://files.pythonhosted.org/packages/bc/77/7253384fbb7229622b5439fcf79fd3147fe4bdfa144fea4e1f77b532d935/logbook-1.9.2-cp313-cp313-win_arm64.whl", hash = "sha256:f6a2d8481babaafacf68732ede6269e52c5a5d2a51fba98808d6dea65abb42f2", size = 215922, upload-time = "2025-11-27T21:11:15.523Z" },
    { url = "https://files.pythonhosted.org/packages/06/0f/fe3d23730a86b63d23b77c8495b9613f93d9bfa347221553c7f9bee2d3b0/logbook-1.9.2-cp314-cp314-macosx_10_15_universal2.whl", hash = "sha256:ed154dbb7ab1434893f7504ac6ad5c15d271007c612d9ebe4b07c22139243a8c", size = 603168, upload-time = "2025-11-27T21:11:16.941Z" },
    { url = "https://files.pythonhosted.org/packages/81/24/2b8752d157f3c2b6bb22997084c4eade225914b79ba9fd6558c991061366/logbook-1.9.2-cp314-cp314-macosx_10_15_x86_64.whl", hash = "sha256:1334bfa54da7490dfb6fa2305d797fc087e78a5d52fc7e048bf949059710b605", size = 338959, upload-time = "2025-11-27T21:11:18.283Z" },
    { url = "https://files.pythonhosted.org/packages/94/96/52dc9eca5fb7e4703d2e1f405613a90a1e4341bc8123ee8d957d9b4259d8/logbook-1.9.2-cp314-cp314-macosx_11_0_arm64.whl", hash = "sha256:e37303eac7aeb36097a88727900fd850feba8a1d1307d01dad52376c14c192ec", size = 328772, upload-time = "2025-11-27T21:11:20.001Z" },
    { url = "https://files.pythonhosted.org/packages/76/24/3cc8ef94cdf7b04e169c58b49380d48b64a2b1be4a58f2e5186cdada2887/logbook-1.9.2-cp314-cp314-manylinux_2_28_aarch64.whl", hash = "sha256:e2331cae6ca65bafae73308e6519f1b2022b26199f7c6c6943bfbec2a674ab26", size = 361215, upload-time = "2025-11-27T21:11:21.311Z" },
    { url = "https://files.pythonhosted.org/packages/dd/e5/0fa31ab9706b0ceb7d37800557f43d17a5e687104fb73c3fe9fe8db8cb1a/logbook-1.9.2-cp314-cp314-manylinux_2_28_x86_64.whl", hash = "sha256:5e3677cdc1aca9816ac7d773e08e8e211d91f629ceebb940fd8e9d43a45824e5", size = 366842, upload-time = "2025-11-27T21:11:22.645Z" },
    { url = "https://files.pythonhosted.org/packages/4a/43/496448225ebf671901b0c5400bcb1e2682c2c91710b3170edd08b6047e9f/logbook-1.9.2-cp314-cp314-musllinux_1_2_aarch64.whl", hash = "sha256:4f97f84cd4a9ca39d5aada3e80aecb60fc2fa1c96fcf46d17462d25b89896dd4", size = 425554, upload-time = "2025-11-27T21:11:24.086Z" },
    { url = "https://files.pythonhosted.org/packages/3e/a9/6004567e3d4fe13094fe6b85df7d85b22c38716cc798bb370fa752f375a7/logbook-1.9.2-cp314-cp314-musllinux_1_2_x86_64.whl", hash = "sha256:5764da8ed1d3453a925900c99712b00f7573544c5ce325b29f511f5dc322f306", size = 441237, upload-time = "2025-11-27T21:11:25.435Z" },
    { url = "https://files.pythonhosted.org/packages/a5/d0/97aab3a303a667afa814acdd96b45364c94e1b835bd95f993dabc45b8a8f/logbook-1.9.2-cp314-cp314-win32.whl", hash = "sha256:c6ed6333bfd5370102cda007827bebaea389c1132fe097b44260600dc6817438", size = 216350, upload-time = "2025-11-27T21:11:26.733Z" },
    { url = "https://files.pythonhosted.org/packages/53/41/27381729d389a733f57a149869de62f0d74c82125d799ddb5f2b89eb2094/logbook-1.9.2-cp314-cp314-win_amd64.whl", hash = "sha256:9dbf2ebc09f004eef1bd1466a2bd1008b8088eef799a725e2413753fa613dfa0", size = 224447, upload-time = "2025-11-27T21:11:28.101Z" },
    { url = "https://files.pythonhosted.org/packages/56/a0/28cf82d3e5e1f3f0e7a7c6c6f36ea0e585f0bb75849443821db2af58e2fd/logbook-1.9.2-cp314-cp314-win_arm64.whl", hash = "sha256:1bf202c6d74e985fb0ded5b16918a28722651ff626271a18e9a250ac988ed2df", size = 220143, upload-time = "2025-11-27T21:11:29.442Z" },
    { url = "https://files.pythonhosted.org/packages/e0/62/9a29148bb26fb9461abdf81c896dd86f889e70c290f61cd1b8520c18c739/logbook-1.9.2-cp314-cp314t-macosx_10_15_universal2.whl", hash = "sha256:584694499a7699df50f1c2940d8613dea30917b9a79abf017b948987adfa96a9", size = 600607, upload-time = "2025-11-27T21:11:30.758Z" },
    { url = "https://files.pythonhosted.org/packages/a9/33/ed175cbc6f2e3e97d3be14b161f0e812bfd0bd1c0b78eb4081f94f64ce51/logbook-1.9.2-cp314-cp314t-macosx_10_15_x86_64.whl", hash = "sha256:d6498d3e96e263fb4bdd076c6439b5c480228baf45f42f0a9f94854ce5d9590f", size = 337999, upload-time = "2025-11-27T21:11:32.483Z" },
    { url = "https://files.pythonhosted.org/packages/d8/0f/b7ee380ed14c0b25149de187b05a360cb9e1871dd9816a35591d2f9aca57/logbook-1.9.2-cp314-cp314t-macosx_11_0_arm64.whl", hash = "sha256:31ac52761c90c254fec2a217b7f479ed91fc3adfb10543623d289b9514c55c46", size = 326879, upload-time = "2025-11-27T21:11:34.465Z" },
    { url = "https://files.pythonhosted.org/packages/51/22/a7a2f1fafb8c54eae52245033674bee488194a5a01c37fec628fd26fda22/logbook-1.9.2-cp314-cp314t-manylinux_2_28_aarch64.whl", hash = "sha256:b7ebbc57a32f01a70b19201bf4d5d93f13d785676b67e15cd334f6eee817481d", size = 358294, upload-time = "2025-11-27T21:11:36.314Z" },
    { url = "https://files.pythonhosted.org/packages/3b/26/4d06ab60ae173966a0f2c75ec3652ea660708d81699b4087b0b06fc8efe8/logbook-1.9.2-cp314-cp314t-manylinux_2_28_x86_64.whl", hash = "sha256:5b1f5d1f72400eee806dd3c34c2d2c5f73e3ad9f150c47e06b95fc6952be191d", size = 366145, upload-time = "2025-11-27T21:11:38.853Z" },
    { url = "https://files.pythonhosted.org/packages/8a/5a/62093c73cce824b46c0e591e1115fdcb8303050bdc563aedce6b246f2fe0/logbook-1.9.2-cp314-cp314t-musllinux_1_2_aarch64.whl", hash = "sha256:9a1a4b6cd9018ec682dc7e198589c396a4315e9c955ee96c04e877385257fd52", size = 423034, upload-time = "2025-11-27T21:11:40.208Z" },
    { url = "https://files.pythonhosted.org/packages/37/3e/0fe12a5f19880060af72f81704642e3efd732595e45d581b945aad3b1e3e/logbook-1.9.2-cp314-cp314t-musllinux_1_2_x86_64.whl", hash = "sha256:eed159eca40d3480a98d279c685ca6bea84f4f099cf9a51f09b4acdc9ce1c0b4", size = 439911, upload-time = "2025-11-27T21:11:42.353Z" },
    { url = "https://files.pythonhosted.org/packages/70/36/abbb24d01c8a3f5a4bef415bb7bb5412997012437dcdf70861d475614172/logbook-1.9.2-cp314-cp314t-win32.whl", hash = "sha256:2f97ab31a5c54c6428a43764df7c88d672a73cb5a01d84ff4b4e56552f33c97b", size = 214478, upload-time = "2025-11-27T21:11:43.682Z" },
    { url = "https://files.pythonhosted.org/packages/85/d9/26a57c62a3763ffb43338c6d1dbee13b9282e6185ba1092ed471f82e52a8/logbook-1.9.2-cp314-cp314t-win_amd64.whl", hash = "sha256:735f7178e370e65f14536cbd7b157d1b1bf8d7ca55b91ff437dc18a8dbdaaae2", size = 223130, upload-time = "2025-11-27T21:11:45.329Z" },
    { url = "https://files.pythonhosted.org/packages/ba/c5/5396f5aea4f39a1299bda2616c9d4a59e54eda2c3d229122de5a61e2db2c/logbook-1.9.2-cp314-cp314t-win_arm64.whl", hash = "sha256:e1d743512d5bf9fd73047b16af5660cd9f3168dac4f5880a160cacacd3f53550", size = 217383, upload-time = "2025-11-27T21:11:46.601Z" },
]

[[package]]
name = "outcome"
version = "1.3.0.post0"
source = { registry = "https://pypi.org/simple" }
dependencies = [
    { name = "attrs" },
]
sdist = { url = "https://files.pythonhosted.org/packages/98/df/77698abfac98571e65ffeb0c1fba8ffd692ab8458d617a0eed7d9a8d38f2/outcome-1.3.0.post0.tar.gz", hash = "sha256:9dcf02e65f2971b80047b377468e72a268e15c0af3cf1238e6ff14f7f91143b8", size = 21060, upload-time = "2023-10-26T04:26:04.361Z" }
wheels = [
    { url = "https://files.pythonhosted.org/packages/55/8b/5ab7257531a5d830fc8000c476e63c935488d74609b50f9384a643ec0a62/outcome-1.3.0.post0-py2.py3-none-any.whl", hash = "sha256:e771c5ce06d1415e356078d3bdd68523f284b4ce5419828922b6871e65eda82b", size = 10692, upload-time = "2023-10-26T04:26:02.532Z" },
]

[[package]]
name = "platformdirs"
version = "4.10.0"
source = { registry = "https://pypi.org/simple" }
sdist = { url = "https://files.pythonhosted.org/packages/d7/47/e4501f49c178ae1d9f4a75073fda4204f52647993f075a9db4d14930e0c5/platformdirs-4.10.0.tar.gz", hash = "sha256:31e761a6a0ca04faf7353ea759bdba55652be214725111e5aac52dfa29d4bef7", size = 31224, upload-time = "2026-05-28T03:32:53.587Z" }
wheels = [
    { url = "https://files.pythonhosted.org/packages/81/e6/cd9575ac904136b3cbf7aa7ee819ef86eedb7274e46f230e94ea4342e729/platformdirs-4.10.0-py3-none-any.whl", hash = "sha256:fb516cdb12eb0d857d0cd85a7c57cea4d060bee4578d6cf5a14dfdf8cbf8784a", size = 22743, upload-time = "2026-05-28T03:32:52.175Z" },
]

[[package]]
name = "represent"
version = "2.1"
source = { registry = "https://pypi.org/simple" }
sdist = { url = "https://files.pythonhosted.org/packages/27/1f/6a057fd4353ce17820681c776cfa2deeb3dc0eb9e5757e5c31ccc88b72ea/Represent-2.1.tar.gz", hash = "sha256:0b2d015c14e7ba6b3b5e6a7ba131a952013fe944339ac538764ce728a75dbcac", size = 19031, upload-time = "2024-01-23T17:54:19.821Z" }
wheels = [
    { url = "https://files.pythonhosted.org/packages/a2/60/9bb91d2a6ab018238a290d9244e61121a645bbf57c0b36b305a091e14ed0/Represent-2.1-py3-none-any.whl", hash = "sha256:94fd22d7fec378240c598b20b233f80545ec7eb1131076e2d3d759cee9be2588", size = 9000, upload-time = "2024-01-23T17:54:18.463Z" },
]

[[package]]
name = "rush"
version = "2021.4.0"
source = { registry = "https://pypi.org/simple" }
dependencies = [
    { name = "attrs" },
]
sdist = { url = "https://files.pythonhosted.org/packages/ae/f8/3be2826ee081aeaf47f61bce24d56e4dbf32cb841a2f2708554d4b471ed4/rush-2021.4.0.tar.gz", hash = "sha256:818624075f0313f64a4c38ba62bc4a6526ee31b463990c8aebf03a98f5aaf264", size = 15378, upload-time = "2021-04-01T17:58:37.928Z" }
wheels = [
    { url = "https://files.pythonhosted.org/packages/1f/08/f38d9f6a3c6d9b5ea2a79414c9a65a7dd7bbe97ee1554396ffe1811a0fad/rush-2021.4.0-py3-none-any.whl", hash = "sha256:0f775f35a951b7874442c78eaa312bbd442be130dee9508f8d05b2f43dbd3acc", size = 18556, upload-time = "2021-04-01T17:58:36.628Z" },
]

[[package]]
name = "sniffio"
version = "1.3.1"
source = { registry = "https://pypi.org/simple" }
sdist = { url = "https://files.pythonhosted.org/packages/a2/87/a6771e1546d97e7e041b6ae58d80074f81b7d5121207425c964ddf5cfdbd/sniffio-1.3.1.tar.gz", hash = "sha256:f4324edc670a0f49750a81b895f35c3adb843cca46f0530f79fc1babb23789dc", size = 20372, upload-time = "2024-02-25T23:20:04.057Z" }
wheels = [
    { url = "https://files.pythonhosted.org/packages/e9/44/75a9c9421471a6c4805dbf2356f7c181a29c1879239abab1ea2cc8f38b40/sniffio-1.3.1-py3-none-any.whl", hash = "sha256:2f6da418d1f1e0fddd844478f41680e794e6051915791a034ff65e5f100525a2", size = 10235, upload-time = "2024-02-25T23:20:01.196Z" },
]

[[package]]
name = "spacetrack"
version = "1.4.0"
source = { registry = "https://pypi.org/simple" }
dependencies = [
    { name = "filelock" },
    { name = "httpx" },
    { name = "logbook" },
    { name = "outcome" },
    { name = "platformdirs" },
    { name = "represent" },
    { name = "rush" },
    { name = "sniffio" },
]
sdist = { url = "https://files.pythonhosted.org/packages/0f/81/246faf20806cd112ee9f94102cf68f2a600c761f9fc83c36291b5da596a1/spacetrack-1.4.0.tar.gz", hash = "sha256:fe4b54c3dede0496a0ecc4039211481a25ae4fbd0eff5e54190441f0d4434c74", size = 44719, upload-time = "2025-02-24T13:17:13.363Z" }
wheels = [
    { url = "https://files.pythonhosted.org/packages/86/91/7f6c8757549b80af2add458b00dbce72d57cbeff465398cf90836e108982/spacetrack-1.4.0-py3-none-any.whl", hash = "sha256:e693be354ee5a0b4f2205b2679049e0f709d8105c43d5a0ec0002e2f1a1d5e54", size = 17667, upload-time = "2025-02-24T13:17:11.801Z" },
]

[[package]]
name = "ssa-analysis"
version = "0.1.0"
source = { virtual = "." }
dependencies = [
    { name = "spacetrack" },
]

[package.metadata]
requires-dist = [{ name = "spacetrack", specifier = ">=1.4.0" }]

[[package]]
name = "typing-extensions"
version = "4.15.0"
source = { registry = "https://pypi.org/simple" }
sdist = { url = "https://files.pythonhosted.org/packages/72/94/1a15dd82efb362ac84269196e94cf00f187f7ed21c242792a923cdb1c61f/typing_extensions-4.15.0.tar.gz", hash = "sha256:0cea48d173cc12fa28ecabc3b837ea3cf6f38c6d1136f85cbaaf598984861466", size = 109391, upload-time = "2025-08-25T13:49:26.313Z" }
wheels = [
    { url = "https://files.pythonhosted.org/packages/18/67/36e9267722cc04a6b9f15c7f3441c2363321a3ea07da7ae0c0707beb2a9c/typing_extensions-4.15.0-py3-none-any.whl", hash = "sha256:f0fa19c6845758ab08074a0cfa8b7aecb71c999ca73d62883bc25cc018c4e548", size = 44614, upload-time = "2025-08-25T13:49:24.86Z" },
]
